
Microsoft Visual Studio Solution File, Format Version 12.00
# Visual Studio 16
Project("{FAE04EC0-301F-11D3-BF4B-00C04F79EFBC}") = "Assembly-CSharp", "Assembly-CSharp.csproj", "{64FE2AB5-3033-FBE8-BEFE-E4693322B288}"
EndProject
Project("{FAE04EC0-301F-11D3-BF4B-00C04F79EFBC}") = "Assembly-CSharp-Editor", "Assembly-CSharp-Editor.csproj", "{C2BF5764-DFDB-04CC-5566-8F323319E922}"
EndProject
Global
	GlobalSection(SolutionConfigurationPlatforms) = preSolution
		Debug|Any CPU = Debug|Any CPU
		Release|Any CPU = Release|Any CPU
	EndGlobalSection
	GlobalSection(ProjectConfigurationPlatforms) = postSolution
		{64FE2AB5-3033-FBE8-BEFE-E4693322B288}.Debug|Any CPU.ActiveCfg = Debug|Any CPU
		{64FE2AB5-3033-FBE8-BEFE-E4693322B288}.Debug|Any CPU.Build.0 = Debug|Any CPU
		{64FE2AB5-3033-FBE8-BEFE-E4693322B288}.Release|Any CPU.ActiveCfg = Release|Any CPU
		{64FE2AB5-3033-FBE8-BEFE-E4693322B288}.Release|Any CPU.Build.0 = Release|Any CPU
		{C2BF5764-DFDB-04CC-5566-8F323319E922}.Debug|Any CPU.ActiveCfg = Debug|Any CPU
		{C2BF5764-DFDB-04CC-5566-8F323319E922}.Debug|Any CPU.Build.0 = Debug|Any CPU
		{C2BF5764-DFDB-04CC-5566-8F323319E922}.Release|Any CPU.ActiveCfg = Release|Any CPU
		{C2BF5764-DFDB-04CC-5566-8F323319E922}.Release|Any CPU.Build.0 = Release|Any CPU
	EndGlobalSection
	GlobalSection(SolutionProperties) = preSolution
		HideSolutionNode = FALSE
	EndGlobalSection
EndGlobal
